
Microsoft Visual Studio Solution File, Format Version 12.00
# Visual Studio 15
VisualStudioVersion = 15.0.28307.136
MinimumVisualStudioVersion = 10.0.40219.1
Project("{FAE04EC0-301F-11D3-BF4B-00C04F79EFBC}") = "MabiPale2", "MabiPale2\MabiPale2.csproj", "{84F826FA-28C2-44CC-9872-7074C0ABC3ED}"
	ProjectSection(ProjectDependencies) = postProject
		{EC521F5D-6C05-4AF4-AFA3-660B5BAB1F9B} = {EC521F5D-6C05-4AF4-AFA3-660B5BAB1F9B}
		{93D36669-B285-4B0F-A76D-DA5C0742D700} = {93D36669-B285-4B0F-A76D-DA5C0742D700}
		{D1C5D49E-1B9B-4343-A48D-B70D1E6542F2} = {D1C5D49E-1B9B-4343-A48D-B70D1E6542F2}
		{E32C97CC-6FCA-4714-9871-01BB2FD32574} = {E32C97CC-6FCA-4714-9871-01BB2FD32574}
	EndProjectSection
EndProject
Project("{FAE04EC0-301F-11D3-BF4B-00C04F79EFBC}") = "MabiPale2.Plugins.HexPacketParser", "MabiPale2.Plugins.HexPacketParser\MabiPale2.Plugins.HexPacketParser.csproj", "{E32C97CC-6FCA-4714-9871-01BB2FD32574}"
EndProject
Project("{FAE04EC0-301F-11D3-BF4B-00C04F79EFBC}") = "MabiPale2.Plugins", "MabiPale2.Plugins\MabiPale2.Plugins.csproj", "{694421C4-7979-4440-A917-3712C926AA2B}"
EndProject
Project("{FAE04EC0-301F-11D3-BF4B-00C04F79EFBC}") = "MabiPale2.Shared", "MabiPale2.Shared\MabiPale2.Shared.csproj", "{C80E0843-5174-42F7-8715-86B7E46BEABF}"
EndProject
Project("{FAE04EC0-301F-11D3-BF4B-00C04F79EFBC}") = "MabiPale2.Plugins.EntityLogger", "MabiPale2.Plugins.EntityLogger\MabiPale2.Plugins.EntityLogger.csproj", "{D1C5D49E-1B9B-4343-A48D-B70D1E6542F2}"
EndProject
Project("{FAE04EC0-301F-11D3-BF4B-00C04F79EFBC}") = "MabiPale2.Plugins.PacketAnalyzer", "MabiPale2.Plugins.PacketAnalyzer\MabiPale2.Plugins.PacketAnalyzer.csproj", "{93D36669-B285-4B0F-A76D-DA5C0742D700}"
EndProject
Project("{FAE04EC0-301F-11D3-BF4B-00C04F79EFBC}") = "MabiPale2.Plugins.DunGen", "MabiPale2.Plugins.DunGen\MabiPale2.Plugins.DunGen.csproj", "{EC521F5D-6C05-4AF4-AFA3-660B5BAB1F9B}"
EndProject
Project("{FAE04EC0-301F-11D3-BF4B-00C04F79EFBC}") = "MabiPale2.Plugins.Packer", "MabiPale2.Plugins.Packer\MabiPale2.Plugins.Packer.csproj", "{2C090459-97DD-48DB-A9F4-667CA6FFA0E7}"
EndProject
Global
	GlobalSection(SolutionConfigurationPlatforms) = preSolution
		Debug|Any CPU = Debug|Any CPU
		Release|Any CPU = Release|Any CPU
	EndGlobalSection
	GlobalSection(ProjectConfigurationPlatforms) = postSolution
		{84F826FA-28C2-44CC-9872-7074C0ABC3ED}.Debug|Any CPU.ActiveCfg = Debug|Any CPU
		{84F826FA-28C2-44CC-9872-7074C0ABC3ED}.Debug|Any CPU.Build.0 = Debug|Any CPU
		{84F826FA-28C2-44CC-9872-7074C0ABC3ED}.Release|Any CPU.ActiveCfg = Release|Any CPU
		{84F826FA-28C2-44CC-9872-7074C0ABC3ED}.Release|Any CPU.Build.0 = Release|Any CPU
		{E32C97CC-6FCA-4714-9871-01BB2FD32574}.Debug|Any CPU.ActiveCfg = Debug|Any CPU
		{E32C97CC-6FCA-4714-9871-01BB2FD32574}.Debug|Any CPU.Build.0 = Debug|Any CPU
		{E32C97CC-6FCA-4714-9871-01BB2FD32574}.Release|Any CPU.ActiveCfg = Release|Any CPU
		{E32C97CC-6FCA-4714-9871-01BB2FD32574}.Release|Any CPU.Build.0 = Release|Any CPU
		{694421C4-7979-4440-A917-3712C926AA2B}.Debug|Any CPU.ActiveCfg = Debug|Any CPU
		{694421C4-7979-4440-A917-3712C926AA2B}.Debug|Any CPU.Build.0 = Debug|Any CPU
		{694421C4-7979-4440-A917-3712C926AA2B}.Release|Any CPU.ActiveCfg = Release|Any CPU
		{694421C4-7979-4440-A917-3712C926AA2B}.Release|Any CPU.Build.0 = Release|Any CPU
		{C80E0843-5174-42F7-8715-86B7E46BEABF}.Debug|Any CPU.ActiveCfg = Debug|Any CPU
		{C80E0843-5174-42F7-8715-86B7E46BEABF}.Debug|Any CPU.Build.0 = Debug|Any CPU
		{C80E0843-5174-42F7-8715-86B7E46BEABF}.Release|Any CPU.ActiveCfg = Release|Any CPU
		{C80E0843-5174-42F7-8715-86B7E46BEABF}.Release|Any CPU.Build.0 = Release|Any CPU
		{D1C5D49E-1B9B-4343-A48D-B70D1E6542F2}.Debug|Any CPU.ActiveCfg = Debug|Any CPU
		{D1C5D49E-1B9B-4343-A48D-B70D1E6542F2}.Debug|Any CPU.Build.0 = Debug|Any CPU
		{D1C5D49E-1B9B-4343-A48D-B70D1E6542F2}.Release|Any CPU.ActiveCfg = Release|Any CPU
		{D1C5D49E-1B9B-4343-A48D-B70D1E6542F2}.Release|Any CPU.Build.0 = Release|Any CPU
		{93D36669-B285-4B0F-A76D-DA5C0742D700}.Debug|Any CPU.ActiveCfg = Debug|Any CPU
		{93D36669-B285-4B0F-A76D-DA5C0742D700}.Debug|Any CPU.Build.0 = Debug|Any CPU
		{93D36669-B285-4B0F-A76D-DA5C0742D700}.Release|Any CPU.ActiveCfg = Release|Any CPU
		{93D36669-B285-4B0F-A76D-DA5C0742D700}.Release|Any CPU.Build.0 = Release|Any CPU
		{EC521F5D-6C05-4AF4-AFA3-660B5BAB1F9B}.Debug|Any CPU.ActiveCfg = Debug|Any CPU
		{EC521F5D-6C05-4AF4-AFA3-660B5BAB1F9B}.Debug|Any CPU.Build.0 = Debug|Any CPU
		{EC521F5D-6C05-4AF4-AFA3-660B5BAB1F9B}.Release|Any CPU.ActiveCfg = Release|Any CPU
		{EC521F5D-6C05-4AF4-AFA3-660B5BAB1F9B}.Release|Any CPU.Build.0 = Release|Any CPU
		{2C090459-97DD-48DB-A9F4-667CA6FFA0E7}.Debug|Any CPU.ActiveCfg = Debug|Any CPU
		{2C090459-97DD-48DB-A9F4-667CA6FFA0E7}.Debug|Any CPU.Build.0 = Debug|Any CPU
		{2C090459-97DD-48DB-A9F4-667CA6FFA0E7}.Release|Any CPU.ActiveCfg = Release|Any CPU
		{2C090459-97DD-48DB-A9F4-667CA6FFA0E7}.Release|Any CPU.Build.0 = Release|Any CPU
	EndGlobalSection
	GlobalSection(SolutionProperties) = preSolution
		HideSolutionNode = FALSE
	EndGlobalSection
	GlobalSection(ExtensibilityGlobals) = postSolution
		SolutionGuid = {E470F52B-A97F-4E51-A04C-B64D6620A7A6}
	EndGlobalSection
EndGlobal
